
Microsoft Visual Studio Solution File, Format Version 12.00
# Visual Studio 15
VisualStudioVersion = 15.0.27703.2018
MinimumVisualStudioVersion = 10.0.40219.1
Project("{FAE04EC0-301F-11D3-BF4B-00C04F79EFBC}") = "WcfSCU", "WcfSCU\WcfSCU.csproj", "{E39A2389-70C7-4548-B665-A57F1871C865}"
EndProject
Project("{FAE04EC0-301F-11D3-BF4B-00C04F79EFBC}") = "WcfSCP", "WcfSCP\WcfSCP.csproj", "{A960015B-ACBB-4686-BB41-68DAFD23EDC1}"
EndProject
Project("{FAE04EC0-301F-11D3-BF4B-00C04F79EFBC}") = "TestConnection", "TestConnection\TestConnection.csproj", "{19674DA3-BEC6-460B-A22F-0AA049CDC12D}"
	ProjectSection(ProjectDependencies) = postProject
		{A960015B-ACBB-4686-BB41-68DAFD23EDC1} = {A960015B-ACBB-4686-BB41-68DAFD23EDC1}
	EndProjectSection
EndProject
Project("{FAE04EC0-301F-11D3-BF4B-00C04F79EFBC}") = "UnitTestWCFHospitalSim", "UnitTestWCFHospitalSim\UnitTestWCFHospitalSim.csproj", "{F5C1657F-B1DB-4140-9312-5403C816CEC7}"
	ProjectSection(ProjectDependencies) = postProject
		{A960015B-ACBB-4686-BB41-68DAFD23EDC1} = {A960015B-ACBB-4686-BB41-68DAFD23EDC1}
		{E39A2389-70C7-4548-B665-A57F1871C865} = {E39A2389-70C7-4548-B665-A57F1871C865}
	EndProjectSection
EndProject
Project("{FAE04EC0-301F-11D3-BF4B-00C04F79EFBC}") = "Services", "Services\Services.csproj", "{C819878F-B7F3-4A0D-86C4-9CE5A9145EAB}"
EndProject
Global
	GlobalSection(SolutionConfigurationPlatforms) = preSolution
		Debug|Any CPU = Debug|Any CPU
		Release|Any CPU = Release|Any CPU
	EndGlobalSection
	GlobalSection(ProjectConfigurationPlatforms) = postSolution
		{E39A2389-70C7-4548-B665-A57F1871C865}.Debug|Any CPU.ActiveCfg = Debug|Any CPU
		{E39A2389-70C7-4548-B665-A57F1871C865}.Debug|Any CPU.Build.0 = Debug|Any CPU
		{E39A2389-70C7-4548-B665-A57F1871C865}.Release|Any CPU.ActiveCfg = Release|Any CPU
		{E39A2389-70C7-4548-B665-A57F1871C865}.Release|Any CPU.Build.0 = Release|Any CPU
		{A960015B-ACBB-4686-BB41-68DAFD23EDC1}.Debug|Any CPU.ActiveCfg = Debug|Any CPU
		{A960015B-ACBB-4686-BB41-68DAFD23EDC1}.Debug|Any CPU.Build.0 = Debug|Any CPU
		{A960015B-ACBB-4686-BB41-68DAFD23EDC1}.Release|Any CPU.ActiveCfg = Release|Any CPU
		{A960015B-ACBB-4686-BB41-68DAFD23EDC1}.Release|Any CPU.Build.0 = Release|Any CPU
		{19674DA3-BEC6-460B-A22F-0AA049CDC12D}.Debug|Any CPU.ActiveCfg = Debug|Any CPU
		{19674DA3-BEC6-460B-A22F-0AA049CDC12D}.Debug|Any CPU.Build.0 = Debug|Any CPU
		{19674DA3-BEC6-460B-A22F-0AA049CDC12D}.Release|Any CPU.ActiveCfg = Release|Any CPU
		{19674DA3-BEC6-460B-A22F-0AA049CDC12D}.Release|Any CPU.Build.0 = Release|Any CPU
		{F5C1657F-B1DB-4140-9312-5403C816CEC7}.Debug|Any CPU.ActiveCfg = Debug|Any CPU
		{F5C1657F-B1DB-4140-9312-5403C816CEC7}.Debug|Any CPU.Build.0 = Debug|Any CPU
		{F5C1657F-B1DB-4140-9312-5403C816CEC7}.Release|Any CPU.ActiveCfg = Release|Any CPU
		{F5C1657F-B1DB-4140-9312-5403C816CEC7}.Release|Any CPU.Build.0 = Release|Any CPU
		{C819878F-B7F3-4A0D-86C4-9CE5A9145EAB}.Debug|Any CPU.ActiveCfg = Debug|Any CPU
		{C819878F-B7F3-4A0D-86C4-9CE5A9145EAB}.Debug|Any CPU.Build.0 = Debug|Any CPU
		{C819878F-B7F3-4A0D-86C4-9CE5A9145EAB}.Release|Any CPU.ActiveCfg = Release|Any CPU
		{C819878F-B7F3-4A0D-86C4-9CE5A9145EAB}.Release|Any CPU.Build.0 = Release|Any CPU
	EndGlobalSection
	GlobalSection(SolutionProperties) = preSolution
		HideSolutionNode = FALSE
	EndGlobalSection
	GlobalSection(ExtensibilityGlobals) = postSolution
		SolutionGuid = {65197059-B0BF-4E39-85DC-3E6DC17357CF}
	EndGlobalSection
EndGlobal
